
Microsoft Visual Studio Solution File, Format Version 12.00
# Visual Studio 2012
Project("{FAE04EC0-301F-11D3-BF4B-00C04F79EFBC}") = "UseEntry", "UseEntry\UseEntry.csproj", "{C8B6B082-4E27-43D0-89B9-E2DF8E9D5886}"
EndProject
Project("{FAE04EC0-301F-11D3-BF4B-00C04F79EFBC}") = "UseEntry.iOS", "UseEntry.iOS\UseEntry.iOS.csproj", "{23D833B4-1778-432F-BA4D-E38108DD3237}"
EndProject
Project("{FAE04EC0-301F-11D3-BF4B-00C04F79EFBC}") = "UseEntry.Droid", "UseEntry.Droid\UseEntry.Droid.csproj", "{FC16CBBF-E380-4AD4-87F1-06EB9C889C06}"
EndProject
Global
	GlobalSection(SolutionConfigurationPlatforms) = preSolution
		Debug|Any CPU = Debug|Any CPU
		Release|Any CPU = Release|Any CPU
		Debug|iPhoneSimulator = Debug|iPhoneSimulator
		Release|iPhone = Release|iPhone
		Release|iPhoneSimulator = Release|iPhoneSimulator
		Debug|iPhone = Debug|iPhone
	EndGlobalSection
	GlobalSection(ProjectConfigurationPlatforms) = postSolution
		{C8B6B082-4E27-43D0-89B9-E2DF8E9D5886}.Debug|Any CPU.ActiveCfg = Debug|Any CPU
		{C8B6B082-4E27-43D0-89B9-E2DF8E9D5886}.Debug|Any CPU.Build.0 = Debug|Any CPU
		{C8B6B082-4E27-43D0-89B9-E2DF8E9D5886}.Release|Any CPU.ActiveCfg = Release|Any CPU
		{C8B6B082-4E27-43D0-89B9-E2DF8E9D5886}.Release|Any CPU.Build.0 = Release|Any CPU
		{C8B6B082-4E27-43D0-89B9-E2DF8E9D5886}.Debug|iPhoneSimulator.ActiveCfg = Debug|Any CPU
		{C8B6B082-4E27-43D0-89B9-E2DF8E9D5886}.Debug|iPhoneSimulator.Build.0 = Debug|Any CPU
		{C8B6B082-4E27-43D0-89B9-E2DF8E9D5886}.Release|iPhone.ActiveCfg = Release|Any CPU
		{C8B6B082-4E27-43D0-89B9-E2DF8E9D5886}.Release|iPhone.Build.0 = Release|Any CPU
		{C8B6B082-4E27-43D0-89B9-E2DF8E9D5886}.Release|iPhoneSimulator.ActiveCfg = Release|Any CPU
		{C8B6B082-4E27-43D0-89B9-E2DF8E9D5886}.Release|iPhoneSimulator.Build.0 = Release|Any CPU
		{C8B6B082-4E27-43D0-89B9-E2DF8E9D5886}.Debug|iPhone.ActiveCfg = Debug|Any CPU
		{C8B6B082-4E27-43D0-89B9-E2DF8E9D5886}.Debug|iPhone.Build.0 = Debug|Any CPU
		{23D833B4-1778-432F-BA4D-E38108DD3237}.Debug|Any CPU.ActiveCfg = Debug|iPhoneSimulator
		{23D833B4-1778-432F-BA4D-E38108DD3237}.Debug|Any CPU.Build.0 = Debug|iPhoneSimulator
		{23D833B4-1778-432F-BA4D-E38108DD3237}.Release|Any CPU.ActiveCfg = Release|iPhone
		{23D833B4-1778-432F-BA4D-E38108DD3237}.Release|Any CPU.Build.0 = Release|iPhone
		{23D833B4-1778-432F-BA4D-E38108DD3237}.Debug|iPhoneSimulator.ActiveCfg = Debug|iPhoneSimulator
		{23D833B4-1778-432F-BA4D-E38108DD3237}.Debug|iPhoneSimulator.Build.0 = Debug|iPhoneSimulator
		{23D833B4-1778-432F-BA4D-E38108DD3237}.Release|iPhone.ActiveCfg = Release|iPhone
		{23D833B4-1778-432F-BA4D-E38108DD3237}.Release|iPhone.Build.0 = Release|iPhone
		{23D833B4-1778-432F-BA4D-E38108DD3237}.Release|iPhoneSimulator.ActiveCfg = Release|iPhoneSimulator
		{23D833B4-1778-432F-BA4D-E38108DD3237}.Release|iPhoneSimulator.Build.0 = Release|iPhoneSimulator
		{23D833B4-1778-432F-BA4D-E38108DD3237}.Debug|iPhone.ActiveCfg = Debug|iPhone
		{23D833B4-1778-432F-BA4D-E38108DD3237}.Debug|iPhone.Build.0 = Debug|iPhone
		{FC16CBBF-E380-4AD4-87F1-06EB9C889C06}.Debug|Any CPU.ActiveCfg = Debug|Any CPU
		{FC16CBBF-E380-4AD4-87F1-06EB9C889C06}.Debug|Any CPU.Build.0 = Debug|Any CPU
		{FC16CBBF-E380-4AD4-87F1-06EB9C889C06}.Release|Any CPU.ActiveCfg = Release|Any CPU
		{FC16CBBF-E380-4AD4-87F1-06EB9C889C06}.Release|Any CPU.Build.0 = Release|Any CPU
		{FC16CBBF-E380-4AD4-87F1-06EB9C889C06}.Debug|iPhoneSimulator.ActiveCfg = Debug|Any CPU
		{FC16CBBF-E380-4AD4-87F1-06EB9C889C06}.Debug|iPhoneSimulator.Build.0 = Debug|Any CPU
		{FC16CBBF-E380-4AD4-87F1-06EB9C889C06}.Release|iPhone.ActiveCfg = Release|Any CPU
		{FC16CBBF-E380-4AD4-87F1-06EB9C889C06}.Release|iPhone.Build.0 = Release|Any CPU
		{FC16CBBF-E380-4AD4-87F1-06EB9C889C06}.Release|iPhoneSimulator.ActiveCfg = Release|Any CPU
		{FC16CBBF-E380-4AD4-87F1-06EB9C889C06}.Release|iPhoneSimulator.Build.0 = Release|Any CPU
		{FC16CBBF-E380-4AD4-87F1-06EB9C889C06}.Debug|iPhone.ActiveCfg = Debug|Any CPU
		{FC16CBBF-E380-4AD4-87F1-06EB9C889C06}.Debug|iPhone.Build.0 = Debug|Any CPU
	EndGlobalSection
EndGlobal
