
Microsoft Visual Studio Solution File, Format Version 12.00
# Visual Studio 2012
Project("{FAE04EC0-301F-11D3-BF4B-00C04F79EFBC}") = "UseListView1", "UseListView1\UseListView1.csproj", "{6ADE7048-8A77-43AB-ABB3-D1E62832F5A5}"
EndProject
Project("{FAE04EC0-301F-11D3-BF4B-00C04F79EFBC}") = "UseListView1.iOS", "UseListView1.iOS\UseListView1.iOS.csproj", "{A5498F59-6361-4B33-8246-8AB83F1A02FE}"
EndProject
Project("{FAE04EC0-301F-11D3-BF4B-00C04F79EFBC}") = "UseListView1.Droid", "UseListView1.Droid\UseListView1.Droid.csproj", "{F4EC0CD7-95A6-415D-9754-631BBD5EDC23}"
EndProject
Global
	GlobalSection(SolutionConfigurationPlatforms) = preSolution
		Debug|Any CPU = Debug|Any CPU
		Release|Any CPU = Release|Any CPU
		Debug|iPhoneSimulator = Debug|iPhoneSimulator
		Release|iPhone = Release|iPhone
		Release|iPhoneSimulator = Release|iPhoneSimulator
		Debug|iPhone = Debug|iPhone
	EndGlobalSection
	GlobalSection(ProjectConfigurationPlatforms) = postSolution
		{6ADE7048-8A77-43AB-ABB3-D1E62832F5A5}.Debug|Any CPU.ActiveCfg = Debug|Any CPU
		{6ADE7048-8A77-43AB-ABB3-D1E62832F5A5}.Debug|Any CPU.Build.0 = Debug|Any CPU
		{6ADE7048-8A77-43AB-ABB3-D1E62832F5A5}.Release|Any CPU.ActiveCfg = Release|Any CPU
		{6ADE7048-8A77-43AB-ABB3-D1E62832F5A5}.Release|Any CPU.Build.0 = Release|Any CPU
		{6ADE7048-8A77-43AB-ABB3-D1E62832F5A5}.Debug|iPhoneSimulator.ActiveCfg = Debug|Any CPU
		{6ADE7048-8A77-43AB-ABB3-D1E62832F5A5}.Debug|iPhoneSimulator.Build.0 = Debug|Any CPU
		{6ADE7048-8A77-43AB-ABB3-D1E62832F5A5}.Release|iPhone.ActiveCfg = Release|Any CPU
		{6ADE7048-8A77-43AB-ABB3-D1E62832F5A5}.Release|iPhone.Build.0 = Release|Any CPU
		{6ADE7048-8A77-43AB-ABB3-D1E62832F5A5}.Release|iPhoneSimulator.ActiveCfg = Release|Any CPU
		{6ADE7048-8A77-43AB-ABB3-D1E62832F5A5}.Release|iPhoneSimulator.Build.0 = Release|Any CPU
		{6ADE7048-8A77-43AB-ABB3-D1E62832F5A5}.Debug|iPhone.ActiveCfg = Debug|Any CPU
		{6ADE7048-8A77-43AB-ABB3-D1E62832F5A5}.Debug|iPhone.Build.0 = Debug|Any CPU
		{A5498F59-6361-4B33-8246-8AB83F1A02FE}.Debug|Any CPU.ActiveCfg = Debug|iPhoneSimulator
		{A5498F59-6361-4B33-8246-8AB83F1A02FE}.Debug|Any CPU.Build.0 = Debug|iPhoneSimulator
		{A5498F59-6361-4B33-8246-8AB83F1A02FE}.Release|Any CPU.ActiveCfg = Release|iPhone
		{A5498F59-6361-4B33-8246-8AB83F1A02FE}.Release|Any CPU.Build.0 = Release|iPhone
		{A5498F59-6361-4B33-8246-8AB83F1A02FE}.Debug|iPhoneSimulator.ActiveCfg = Debug|iPhoneSimulator
		{A5498F59-6361-4B33-8246-8AB83F1A02FE}.Debug|iPhoneSimulator.Build.0 = Debug|iPhoneSimulator
		{A5498F59-6361-4B33-8246-8AB83F1A02FE}.Release|iPhone.ActiveCfg = Release|iPhone
		{A5498F59-6361-4B33-8246-8AB83F1A02FE}.Release|iPhone.Build.0 = Release|iPhone
		{A5498F59-6361-4B33-8246-8AB83F1A02FE}.Release|iPhoneSimulator.ActiveCfg = Release|iPhoneSimulator
		{A5498F59-6361-4B33-8246-8AB83F1A02FE}.Release|iPhoneSimulator.Build.0 = Release|iPhoneSimulator
		{A5498F59-6361-4B33-8246-8AB83F1A02FE}.Debug|iPhone.ActiveCfg = Debug|iPhone
		{A5498F59-6361-4B33-8246-8AB83F1A02FE}.Debug|iPhone.Build.0 = Debug|iPhone
		{F4EC0CD7-95A6-415D-9754-631BBD5EDC23}.Debug|Any CPU.ActiveCfg = Debug|Any CPU
		{F4EC0CD7-95A6-415D-9754-631BBD5EDC23}.Debug|Any CPU.Build.0 = Debug|Any CPU
		{F4EC0CD7-95A6-415D-9754-631BBD5EDC23}.Release|Any CPU.ActiveCfg = Release|Any CPU
		{F4EC0CD7-95A6-415D-9754-631BBD5EDC23}.Release|Any CPU.Build.0 = Release|Any CPU
		{F4EC0CD7-95A6-415D-9754-631BBD5EDC23}.Debug|iPhoneSimulator.ActiveCfg = Debug|Any CPU
		{F4EC0CD7-95A6-415D-9754-631BBD5EDC23}.Debug|iPhoneSimulator.Build.0 = Debug|Any CPU
		{F4EC0CD7-95A6-415D-9754-631BBD5EDC23}.Release|iPhone.ActiveCfg = Release|Any CPU
		{F4EC0CD7-95A6-415D-9754-631BBD5EDC23}.Release|iPhone.Build.0 = Release|Any CPU
		{F4EC0CD7-95A6-415D-9754-631BBD5EDC23}.Release|iPhoneSimulator.ActiveCfg = Release|Any CPU
		{F4EC0CD7-95A6-415D-9754-631BBD5EDC23}.Release|iPhoneSimulator.Build.0 = Release|Any CPU
		{F4EC0CD7-95A6-415D-9754-631BBD5EDC23}.Debug|iPhone.ActiveCfg = Debug|Any CPU
		{F4EC0CD7-95A6-415D-9754-631BBD5EDC23}.Debug|iPhone.Build.0 = Debug|Any CPU
	EndGlobalSection
EndGlobal
