
Microsoft Visual Studio Solution File, Format Version 12.00
# Visual Studio 2012
Project("{FAE04EC0-301F-11D3-BF4B-00C04F79EFBC}") = "UseBindablePicker", "UseBindablePicker\UseBindablePicker.csproj", "{5B51A80D-7F15-4A18-A272-7E066EF4627C}"
EndProject
Project("{FAE04EC0-301F-11D3-BF4B-00C04F79EFBC}") = "UseBindablePicker.iOS", "UseBindablePicker.iOS\UseBindablePicker.iOS.csproj", "{493986AD-99B4-476B-9921-A5158DF9E12F}"
EndProject
Project("{FAE04EC0-301F-11D3-BF4B-00C04F79EFBC}") = "UseBindablePicker.Droid", "UseBindablePicker.Droid\UseBindablePicker.Droid.csproj", "{E3533876-3DC5-45D4-9B73-258EE5A8A3E2}"
EndProject
Global
	GlobalSection(SolutionConfigurationPlatforms) = preSolution
		Debug|Any CPU = Debug|Any CPU
		Release|Any CPU = Release|Any CPU
		Debug|iPhoneSimulator = Debug|iPhoneSimulator
		Release|iPhone = Release|iPhone
		Release|iPhoneSimulator = Release|iPhoneSimulator
		Debug|iPhone = Debug|iPhone
	EndGlobalSection
	GlobalSection(ProjectConfigurationPlatforms) = postSolution
		{5B51A80D-7F15-4A18-A272-7E066EF4627C}.Debug|Any CPU.ActiveCfg = Debug|Any CPU
		{5B51A80D-7F15-4A18-A272-7E066EF4627C}.Debug|Any CPU.Build.0 = Debug|Any CPU
		{5B51A80D-7F15-4A18-A272-7E066EF4627C}.Release|Any CPU.ActiveCfg = Release|Any CPU
		{5B51A80D-7F15-4A18-A272-7E066EF4627C}.Release|Any CPU.Build.0 = Release|Any CPU
		{5B51A80D-7F15-4A18-A272-7E066EF4627C}.Debug|iPhoneSimulator.ActiveCfg = Debug|Any CPU
		{5B51A80D-7F15-4A18-A272-7E066EF4627C}.Debug|iPhoneSimulator.Build.0 = Debug|Any CPU
		{5B51A80D-7F15-4A18-A272-7E066EF4627C}.Release|iPhone.ActiveCfg = Release|Any CPU
		{5B51A80D-7F15-4A18-A272-7E066EF4627C}.Release|iPhone.Build.0 = Release|Any CPU
		{5B51A80D-7F15-4A18-A272-7E066EF4627C}.Release|iPhoneSimulator.ActiveCfg = Release|Any CPU
		{5B51A80D-7F15-4A18-A272-7E066EF4627C}.Release|iPhoneSimulator.Build.0 = Release|Any CPU
		{5B51A80D-7F15-4A18-A272-7E066EF4627C}.Debug|iPhone.ActiveCfg = Debug|Any CPU
		{5B51A80D-7F15-4A18-A272-7E066EF4627C}.Debug|iPhone.Build.0 = Debug|Any CPU
		{493986AD-99B4-476B-9921-A5158DF9E12F}.Debug|Any CPU.ActiveCfg = Debug|iPhoneSimulator
		{493986AD-99B4-476B-9921-A5158DF9E12F}.Debug|Any CPU.Build.0 = Debug|iPhoneSimulator
		{493986AD-99B4-476B-9921-A5158DF9E12F}.Release|Any CPU.ActiveCfg = Release|iPhone
		{493986AD-99B4-476B-9921-A5158DF9E12F}.Release|Any CPU.Build.0 = Release|iPhone
		{493986AD-99B4-476B-9921-A5158DF9E12F}.Debug|iPhoneSimulator.ActiveCfg = Debug|iPhoneSimulator
		{493986AD-99B4-476B-9921-A5158DF9E12F}.Debug|iPhoneSimulator.Build.0 = Debug|iPhoneSimulator
		{493986AD-99B4-476B-9921-A5158DF9E12F}.Release|iPhone.ActiveCfg = Release|iPhone
		{493986AD-99B4-476B-9921-A5158DF9E12F}.Release|iPhone.Build.0 = Release|iPhone
		{493986AD-99B4-476B-9921-A5158DF9E12F}.Release|iPhoneSimulator.ActiveCfg = Release|iPhoneSimulator
		{493986AD-99B4-476B-9921-A5158DF9E12F}.Release|iPhoneSimulator.Build.0 = Release|iPhoneSimulator
		{493986AD-99B4-476B-9921-A5158DF9E12F}.Debug|iPhone.ActiveCfg = Debug|iPhone
		{493986AD-99B4-476B-9921-A5158DF9E12F}.Debug|iPhone.Build.0 = Debug|iPhone
		{E3533876-3DC5-45D4-9B73-258EE5A8A3E2}.Debug|Any CPU.ActiveCfg = Debug|Any CPU
		{E3533876-3DC5-45D4-9B73-258EE5A8A3E2}.Debug|Any CPU.Build.0 = Debug|Any CPU
		{E3533876-3DC5-45D4-9B73-258EE5A8A3E2}.Release|Any CPU.ActiveCfg = Release|Any CPU
		{E3533876-3DC5-45D4-9B73-258EE5A8A3E2}.Release|Any CPU.Build.0 = Release|Any CPU
		{E3533876-3DC5-45D4-9B73-258EE5A8A3E2}.Debug|iPhoneSimulator.ActiveCfg = Debug|Any CPU
		{E3533876-3DC5-45D4-9B73-258EE5A8A3E2}.Debug|iPhoneSimulator.Build.0 = Debug|Any CPU
		{E3533876-3DC5-45D4-9B73-258EE5A8A3E2}.Release|iPhone.ActiveCfg = Release|Any CPU
		{E3533876-3DC5-45D4-9B73-258EE5A8A3E2}.Release|iPhone.Build.0 = Release|Any CPU
		{E3533876-3DC5-45D4-9B73-258EE5A8A3E2}.Release|iPhoneSimulator.ActiveCfg = Release|Any CPU
		{E3533876-3DC5-45D4-9B73-258EE5A8A3E2}.Release|iPhoneSimulator.Build.0 = Release|Any CPU
		{E3533876-3DC5-45D4-9B73-258EE5A8A3E2}.Debug|iPhone.ActiveCfg = Debug|Any CPU
		{E3533876-3DC5-45D4-9B73-258EE5A8A3E2}.Debug|iPhone.Build.0 = Debug|Any CPU
	EndGlobalSection
EndGlobal
