
Microsoft Visual Studio Solution File, Format Version 12.00
# Visual Studio 2012
Project("{FAE04EC0-301F-11D3-BF4B-00C04F79EFBC}") = "UseSearchBar", "UseSearchBar\UseSearchBar.csproj", "{29E24751-28EE-4474-9C8B-EECAB9DF1AD2}"
EndProject
Project("{FAE04EC0-301F-11D3-BF4B-00C04F79EFBC}") = "UseSearchBar.iOS", "UseSearchBar.iOS\UseSearchBar.iOS.csproj", "{F74F0A72-BFCE-4591-A61C-153EA0362B62}"
EndProject
Project("{FAE04EC0-301F-11D3-BF4B-00C04F79EFBC}") = "UseSearchBar.Droid", "UseSearchBar.Droid\UseSearchBar.Droid.csproj", "{C1635B80-478F-4CBB-9A8E-8E65CCDD1065}"
EndProject
Global
	GlobalSection(SolutionConfigurationPlatforms) = preSolution
		Debug|Any CPU = Debug|Any CPU
		Release|Any CPU = Release|Any CPU
		Debug|iPhoneSimulator = Debug|iPhoneSimulator
		Release|iPhone = Release|iPhone
		Release|iPhoneSimulator = Release|iPhoneSimulator
		Debug|iPhone = Debug|iPhone
	EndGlobalSection
	GlobalSection(ProjectConfigurationPlatforms) = postSolution
		{29E24751-28EE-4474-9C8B-EECAB9DF1AD2}.Debug|Any CPU.ActiveCfg = Debug|Any CPU
		{29E24751-28EE-4474-9C8B-EECAB9DF1AD2}.Debug|Any CPU.Build.0 = Debug|Any CPU
		{29E24751-28EE-4474-9C8B-EECAB9DF1AD2}.Release|Any CPU.ActiveCfg = Release|Any CPU
		{29E24751-28EE-4474-9C8B-EECAB9DF1AD2}.Release|Any CPU.Build.0 = Release|Any CPU
		{29E24751-28EE-4474-9C8B-EECAB9DF1AD2}.Debug|iPhoneSimulator.ActiveCfg = Debug|Any CPU
		{29E24751-28EE-4474-9C8B-EECAB9DF1AD2}.Debug|iPhoneSimulator.Build.0 = Debug|Any CPU
		{29E24751-28EE-4474-9C8B-EECAB9DF1AD2}.Release|iPhone.ActiveCfg = Release|Any CPU
		{29E24751-28EE-4474-9C8B-EECAB9DF1AD2}.Release|iPhone.Build.0 = Release|Any CPU
		{29E24751-28EE-4474-9C8B-EECAB9DF1AD2}.Release|iPhoneSimulator.ActiveCfg = Release|Any CPU
		{29E24751-28EE-4474-9C8B-EECAB9DF1AD2}.Release|iPhoneSimulator.Build.0 = Release|Any CPU
		{29E24751-28EE-4474-9C8B-EECAB9DF1AD2}.Debug|iPhone.ActiveCfg = Debug|Any CPU
		{29E24751-28EE-4474-9C8B-EECAB9DF1AD2}.Debug|iPhone.Build.0 = Debug|Any CPU
		{F74F0A72-BFCE-4591-A61C-153EA0362B62}.Debug|Any CPU.ActiveCfg = Debug|iPhoneSimulator
		{F74F0A72-BFCE-4591-A61C-153EA0362B62}.Debug|Any CPU.Build.0 = Debug|iPhoneSimulator
		{F74F0A72-BFCE-4591-A61C-153EA0362B62}.Release|Any CPU.ActiveCfg = Release|iPhone
		{F74F0A72-BFCE-4591-A61C-153EA0362B62}.Release|Any CPU.Build.0 = Release|iPhone
		{F74F0A72-BFCE-4591-A61C-153EA0362B62}.Debug|iPhoneSimulator.ActiveCfg = Debug|iPhoneSimulator
		{F74F0A72-BFCE-4591-A61C-153EA0362B62}.Debug|iPhoneSimulator.Build.0 = Debug|iPhoneSimulator
		{F74F0A72-BFCE-4591-A61C-153EA0362B62}.Release|iPhone.ActiveCfg = Release|iPhone
		{F74F0A72-BFCE-4591-A61C-153EA0362B62}.Release|iPhone.Build.0 = Release|iPhone
		{F74F0A72-BFCE-4591-A61C-153EA0362B62}.Release|iPhoneSimulator.ActiveCfg = Release|iPhoneSimulator
		{F74F0A72-BFCE-4591-A61C-153EA0362B62}.Release|iPhoneSimulator.Build.0 = Release|iPhoneSimulator
		{F74F0A72-BFCE-4591-A61C-153EA0362B62}.Debug|iPhone.ActiveCfg = Debug|iPhone
		{F74F0A72-BFCE-4591-A61C-153EA0362B62}.Debug|iPhone.Build.0 = Debug|iPhone
		{C1635B80-478F-4CBB-9A8E-8E65CCDD1065}.Debug|Any CPU.ActiveCfg = Debug|Any CPU
		{C1635B80-478F-4CBB-9A8E-8E65CCDD1065}.Debug|Any CPU.Build.0 = Debug|Any CPU
		{C1635B80-478F-4CBB-9A8E-8E65CCDD1065}.Release|Any CPU.ActiveCfg = Release|Any CPU
		{C1635B80-478F-4CBB-9A8E-8E65CCDD1065}.Release|Any CPU.Build.0 = Release|Any CPU
		{C1635B80-478F-4CBB-9A8E-8E65CCDD1065}.Debug|iPhoneSimulator.ActiveCfg = Debug|Any CPU
		{C1635B80-478F-4CBB-9A8E-8E65CCDD1065}.Debug|iPhoneSimulator.Build.0 = Debug|Any CPU
		{C1635B80-478F-4CBB-9A8E-8E65CCDD1065}.Release|iPhone.ActiveCfg = Release|Any CPU
		{C1635B80-478F-4CBB-9A8E-8E65CCDD1065}.Release|iPhone.Build.0 = Release|Any CPU
		{C1635B80-478F-4CBB-9A8E-8E65CCDD1065}.Release|iPhoneSimulator.ActiveCfg = Release|Any CPU
		{C1635B80-478F-4CBB-9A8E-8E65CCDD1065}.Release|iPhoneSimulator.Build.0 = Release|Any CPU
		{C1635B80-478F-4CBB-9A8E-8E65CCDD1065}.Debug|iPhone.ActiveCfg = Debug|Any CPU
		{C1635B80-478F-4CBB-9A8E-8E65CCDD1065}.Debug|iPhone.Build.0 = Debug|Any CPU
	EndGlobalSection
EndGlobal
