
Microsoft Visual Studio Solution File, Format Version 12.00
# Visual Studio 2012
Project("{FAE04EC0-301F-11D3-BF4B-00C04F79EFBC}") = "UseDatePicker", "UseDatePicker\UseDatePicker.csproj", "{BFBA6CE5-E7A1-449C-AB59-6DA224C881EE}"
EndProject
Project("{FAE04EC0-301F-11D3-BF4B-00C04F79EFBC}") = "UseDatePicker.iOS", "UseDatePicker.iOS\UseDatePicker.iOS.csproj", "{89FC25F5-7CF7-4C3D-B265-A0C2C13B249E}"
EndProject
Project("{FAE04EC0-301F-11D3-BF4B-00C04F79EFBC}") = "UseDatePicker.Droid", "UseDatePicker.Droid\UseDatePicker.Droid.csproj", "{1F41A6C2-2819-459F-84F7-AB575663C9D7}"
EndProject
Global
	GlobalSection(SolutionConfigurationPlatforms) = preSolution
		Debug|Any CPU = Debug|Any CPU
		Release|Any CPU = Release|Any CPU
		Debug|iPhoneSimulator = Debug|iPhoneSimulator
		Release|iPhone = Release|iPhone
		Release|iPhoneSimulator = Release|iPhoneSimulator
		Debug|iPhone = Debug|iPhone
	EndGlobalSection
	GlobalSection(ProjectConfigurationPlatforms) = postSolution
		{BFBA6CE5-E7A1-449C-AB59-6DA224C881EE}.Debug|Any CPU.ActiveCfg = Debug|Any CPU
		{BFBA6CE5-E7A1-449C-AB59-6DA224C881EE}.Debug|Any CPU.Build.0 = Debug|Any CPU
		{BFBA6CE5-E7A1-449C-AB59-6DA224C881EE}.Release|Any CPU.ActiveCfg = Release|Any CPU
		{BFBA6CE5-E7A1-449C-AB59-6DA224C881EE}.Release|Any CPU.Build.0 = Release|Any CPU
		{BFBA6CE5-E7A1-449C-AB59-6DA224C881EE}.Debug|iPhoneSimulator.ActiveCfg = Debug|Any CPU
		{BFBA6CE5-E7A1-449C-AB59-6DA224C881EE}.Debug|iPhoneSimulator.Build.0 = Debug|Any CPU
		{BFBA6CE5-E7A1-449C-AB59-6DA224C881EE}.Release|iPhone.ActiveCfg = Release|Any CPU
		{BFBA6CE5-E7A1-449C-AB59-6DA224C881EE}.Release|iPhone.Build.0 = Release|Any CPU
		{BFBA6CE5-E7A1-449C-AB59-6DA224C881EE}.Release|iPhoneSimulator.ActiveCfg = Release|Any CPU
		{BFBA6CE5-E7A1-449C-AB59-6DA224C881EE}.Release|iPhoneSimulator.Build.0 = Release|Any CPU
		{BFBA6CE5-E7A1-449C-AB59-6DA224C881EE}.Debug|iPhone.ActiveCfg = Debug|Any CPU
		{BFBA6CE5-E7A1-449C-AB59-6DA224C881EE}.Debug|iPhone.Build.0 = Debug|Any CPU
		{89FC25F5-7CF7-4C3D-B265-A0C2C13B249E}.Debug|Any CPU.ActiveCfg = Debug|iPhoneSimulator
		{89FC25F5-7CF7-4C3D-B265-A0C2C13B249E}.Debug|Any CPU.Build.0 = Debug|iPhoneSimulator
		{89FC25F5-7CF7-4C3D-B265-A0C2C13B249E}.Release|Any CPU.ActiveCfg = Release|iPhone
		{89FC25F5-7CF7-4C3D-B265-A0C2C13B249E}.Release|Any CPU.Build.0 = Release|iPhone
		{89FC25F5-7CF7-4C3D-B265-A0C2C13B249E}.Debug|iPhoneSimulator.ActiveCfg = Debug|iPhoneSimulator
		{89FC25F5-7CF7-4C3D-B265-A0C2C13B249E}.Debug|iPhoneSimulator.Build.0 = Debug|iPhoneSimulator
		{89FC25F5-7CF7-4C3D-B265-A0C2C13B249E}.Release|iPhone.ActiveCfg = Release|iPhone
		{89FC25F5-7CF7-4C3D-B265-A0C2C13B249E}.Release|iPhone.Build.0 = Release|iPhone
		{89FC25F5-7CF7-4C3D-B265-A0C2C13B249E}.Release|iPhoneSimulator.ActiveCfg = Release|iPhoneSimulator
		{89FC25F5-7CF7-4C3D-B265-A0C2C13B249E}.Release|iPhoneSimulator.Build.0 = Release|iPhoneSimulator
		{89FC25F5-7CF7-4C3D-B265-A0C2C13B249E}.Debug|iPhone.ActiveCfg = Debug|iPhone
		{89FC25F5-7CF7-4C3D-B265-A0C2C13B249E}.Debug|iPhone.Build.0 = Debug|iPhone
		{1F41A6C2-2819-459F-84F7-AB575663C9D7}.Debug|Any CPU.ActiveCfg = Debug|Any CPU
		{1F41A6C2-2819-459F-84F7-AB575663C9D7}.Debug|Any CPU.Build.0 = Debug|Any CPU
		{1F41A6C2-2819-459F-84F7-AB575663C9D7}.Release|Any CPU.ActiveCfg = Release|Any CPU
		{1F41A6C2-2819-459F-84F7-AB575663C9D7}.Release|Any CPU.Build.0 = Release|Any CPU
		{1F41A6C2-2819-459F-84F7-AB575663C9D7}.Debug|iPhoneSimulator.ActiveCfg = Debug|Any CPU
		{1F41A6C2-2819-459F-84F7-AB575663C9D7}.Debug|iPhoneSimulator.Build.0 = Debug|Any CPU
		{1F41A6C2-2819-459F-84F7-AB575663C9D7}.Release|iPhone.ActiveCfg = Release|Any CPU
		{1F41A6C2-2819-459F-84F7-AB575663C9D7}.Release|iPhone.Build.0 = Release|Any CPU
		{1F41A6C2-2819-459F-84F7-AB575663C9D7}.Release|iPhoneSimulator.ActiveCfg = Release|Any CPU
		{1F41A6C2-2819-459F-84F7-AB575663C9D7}.Release|iPhoneSimulator.Build.0 = Release|Any CPU
		{1F41A6C2-2819-459F-84F7-AB575663C9D7}.Debug|iPhone.ActiveCfg = Debug|Any CPU
		{1F41A6C2-2819-459F-84F7-AB575663C9D7}.Debug|iPhone.Build.0 = Debug|Any CPU
	EndGlobalSection
EndGlobal
