
Microsoft Visual Studio Solution File, Format Version 12.00
# Visual Studio 2012
Project("{FAE04EC0-301F-11D3-BF4B-00C04F79EFBC}") = "UseTimePicker", "UseTimePicker\UseTimePicker.csproj", "{36CB10D5-A249-450F-B028-1C6BA05271ED}"
EndProject
Project("{FAE04EC0-301F-11D3-BF4B-00C04F79EFBC}") = "UseTimePicker.iOS", "UseTimePicker.iOS\UseTimePicker.iOS.csproj", "{5726E7B5-C339-4568-8950-102F8BF81D1A}"
EndProject
Project("{FAE04EC0-301F-11D3-BF4B-00C04F79EFBC}") = "UseTimePicker.Droid", "UseTimePicker.Droid\UseTimePicker.Droid.csproj", "{F3230373-0FE1-40B2-B3E4-FE0106E6407C}"
EndProject
Global
	GlobalSection(SolutionConfigurationPlatforms) = preSolution
		Debug|Any CPU = Debug|Any CPU
		Release|Any CPU = Release|Any CPU
		Debug|iPhoneSimulator = Debug|iPhoneSimulator
		Release|iPhone = Release|iPhone
		Release|iPhoneSimulator = Release|iPhoneSimulator
		Debug|iPhone = Debug|iPhone
	EndGlobalSection
	GlobalSection(ProjectConfigurationPlatforms) = postSolution
		{36CB10D5-A249-450F-B028-1C6BA05271ED}.Debug|Any CPU.ActiveCfg = Debug|Any CPU
		{36CB10D5-A249-450F-B028-1C6BA05271ED}.Debug|Any CPU.Build.0 = Debug|Any CPU
		{36CB10D5-A249-450F-B028-1C6BA05271ED}.Release|Any CPU.ActiveCfg = Release|Any CPU
		{36CB10D5-A249-450F-B028-1C6BA05271ED}.Release|Any CPU.Build.0 = Release|Any CPU
		{36CB10D5-A249-450F-B028-1C6BA05271ED}.Debug|iPhoneSimulator.ActiveCfg = Debug|Any CPU
		{36CB10D5-A249-450F-B028-1C6BA05271ED}.Debug|iPhoneSimulator.Build.0 = Debug|Any CPU
		{36CB10D5-A249-450F-B028-1C6BA05271ED}.Release|iPhone.ActiveCfg = Release|Any CPU
		{36CB10D5-A249-450F-B028-1C6BA05271ED}.Release|iPhone.Build.0 = Release|Any CPU
		{36CB10D5-A249-450F-B028-1C6BA05271ED}.Release|iPhoneSimulator.ActiveCfg = Release|Any CPU
		{36CB10D5-A249-450F-B028-1C6BA05271ED}.Release|iPhoneSimulator.Build.0 = Release|Any CPU
		{36CB10D5-A249-450F-B028-1C6BA05271ED}.Debug|iPhone.ActiveCfg = Debug|Any CPU
		{36CB10D5-A249-450F-B028-1C6BA05271ED}.Debug|iPhone.Build.0 = Debug|Any CPU
		{5726E7B5-C339-4568-8950-102F8BF81D1A}.Debug|Any CPU.ActiveCfg = Debug|iPhoneSimulator
		{5726E7B5-C339-4568-8950-102F8BF81D1A}.Debug|Any CPU.Build.0 = Debug|iPhoneSimulator
		{5726E7B5-C339-4568-8950-102F8BF81D1A}.Release|Any CPU.ActiveCfg = Release|iPhone
		{5726E7B5-C339-4568-8950-102F8BF81D1A}.Release|Any CPU.Build.0 = Release|iPhone
		{5726E7B5-C339-4568-8950-102F8BF81D1A}.Debug|iPhoneSimulator.ActiveCfg = Debug|iPhoneSimulator
		{5726E7B5-C339-4568-8950-102F8BF81D1A}.Debug|iPhoneSimulator.Build.0 = Debug|iPhoneSimulator
		{5726E7B5-C339-4568-8950-102F8BF81D1A}.Release|iPhone.ActiveCfg = Release|iPhone
		{5726E7B5-C339-4568-8950-102F8BF81D1A}.Release|iPhone.Build.0 = Release|iPhone
		{5726E7B5-C339-4568-8950-102F8BF81D1A}.Release|iPhoneSimulator.ActiveCfg = Release|iPhoneSimulator
		{5726E7B5-C339-4568-8950-102F8BF81D1A}.Release|iPhoneSimulator.Build.0 = Release|iPhoneSimulator
		{5726E7B5-C339-4568-8950-102F8BF81D1A}.Debug|iPhone.ActiveCfg = Debug|iPhone
		{5726E7B5-C339-4568-8950-102F8BF81D1A}.Debug|iPhone.Build.0 = Debug|iPhone
		{F3230373-0FE1-40B2-B3E4-FE0106E6407C}.Debug|Any CPU.ActiveCfg = Debug|Any CPU
		{F3230373-0FE1-40B2-B3E4-FE0106E6407C}.Debug|Any CPU.Build.0 = Debug|Any CPU
		{F3230373-0FE1-40B2-B3E4-FE0106E6407C}.Release|Any CPU.ActiveCfg = Release|Any CPU
		{F3230373-0FE1-40B2-B3E4-FE0106E6407C}.Release|Any CPU.Build.0 = Release|Any CPU
		{F3230373-0FE1-40B2-B3E4-FE0106E6407C}.Debug|iPhoneSimulator.ActiveCfg = Debug|Any CPU
		{F3230373-0FE1-40B2-B3E4-FE0106E6407C}.Debug|iPhoneSimulator.Build.0 = Debug|Any CPU
		{F3230373-0FE1-40B2-B3E4-FE0106E6407C}.Release|iPhone.ActiveCfg = Release|Any CPU
		{F3230373-0FE1-40B2-B3E4-FE0106E6407C}.Release|iPhone.Build.0 = Release|Any CPU
		{F3230373-0FE1-40B2-B3E4-FE0106E6407C}.Release|iPhoneSimulator.ActiveCfg = Release|Any CPU
		{F3230373-0FE1-40B2-B3E4-FE0106E6407C}.Release|iPhoneSimulator.Build.0 = Release|Any CPU
		{F3230373-0FE1-40B2-B3E4-FE0106E6407C}.Debug|iPhone.ActiveCfg = Debug|Any CPU
		{F3230373-0FE1-40B2-B3E4-FE0106E6407C}.Debug|iPhone.Build.0 = Debug|Any CPU
	EndGlobalSection
EndGlobal
