
Microsoft Visual Studio Solution File, Format Version 12.00
# Visual Studio 2012
Project("{FAE04EC0-301F-11D3-BF4B-00C04F79EFBC}") = "UseProgressBar", "UseProgressBar\UseProgressBar.csproj", "{E2D253D6-5AD8-4CF1-9817-A88FFD7111E3}"
EndProject
Project("{FAE04EC0-301F-11D3-BF4B-00C04F79EFBC}") = "UseProgressBar.iOS", "UseProgressBar.iOS\UseProgressBar.iOS.csproj", "{45894622-596C-4E99-8FB0-EBDE519D7D45}"
EndProject
Project("{FAE04EC0-301F-11D3-BF4B-00C04F79EFBC}") = "UseProgressBar.Droid", "UseProgressBar.Droid\UseProgressBar.Droid.csproj", "{6B2DA6A1-AB94-4C0F-A5BD-024BCAC8BC87}"
EndProject
Global
	GlobalSection(SolutionConfigurationPlatforms) = preSolution
		Debug|Any CPU = Debug|Any CPU
		Release|Any CPU = Release|Any CPU
		Debug|iPhoneSimulator = Debug|iPhoneSimulator
		Release|iPhone = Release|iPhone
		Release|iPhoneSimulator = Release|iPhoneSimulator
		Debug|iPhone = Debug|iPhone
	EndGlobalSection
	GlobalSection(ProjectConfigurationPlatforms) = postSolution
		{E2D253D6-5AD8-4CF1-9817-A88FFD7111E3}.Debug|Any CPU.ActiveCfg = Debug|Any CPU
		{E2D253D6-5AD8-4CF1-9817-A88FFD7111E3}.Debug|Any CPU.Build.0 = Debug|Any CPU
		{E2D253D6-5AD8-4CF1-9817-A88FFD7111E3}.Release|Any CPU.ActiveCfg = Release|Any CPU
		{E2D253D6-5AD8-4CF1-9817-A88FFD7111E3}.Release|Any CPU.Build.0 = Release|Any CPU
		{E2D253D6-5AD8-4CF1-9817-A88FFD7111E3}.Debug|iPhoneSimulator.ActiveCfg = Debug|Any CPU
		{E2D253D6-5AD8-4CF1-9817-A88FFD7111E3}.Debug|iPhoneSimulator.Build.0 = Debug|Any CPU
		{E2D253D6-5AD8-4CF1-9817-A88FFD7111E3}.Release|iPhone.ActiveCfg = Release|Any CPU
		{E2D253D6-5AD8-4CF1-9817-A88FFD7111E3}.Release|iPhone.Build.0 = Release|Any CPU
		{E2D253D6-5AD8-4CF1-9817-A88FFD7111E3}.Release|iPhoneSimulator.ActiveCfg = Release|Any CPU
		{E2D253D6-5AD8-4CF1-9817-A88FFD7111E3}.Release|iPhoneSimulator.Build.0 = Release|Any CPU
		{E2D253D6-5AD8-4CF1-9817-A88FFD7111E3}.Debug|iPhone.ActiveCfg = Debug|Any CPU
		{E2D253D6-5AD8-4CF1-9817-A88FFD7111E3}.Debug|iPhone.Build.0 = Debug|Any CPU
		{45894622-596C-4E99-8FB0-EBDE519D7D45}.Debug|Any CPU.ActiveCfg = Debug|iPhoneSimulator
		{45894622-596C-4E99-8FB0-EBDE519D7D45}.Debug|Any CPU.Build.0 = Debug|iPhoneSimulator
		{45894622-596C-4E99-8FB0-EBDE519D7D45}.Release|Any CPU.ActiveCfg = Release|iPhone
		{45894622-596C-4E99-8FB0-EBDE519D7D45}.Release|Any CPU.Build.0 = Release|iPhone
		{45894622-596C-4E99-8FB0-EBDE519D7D45}.Debug|iPhoneSimulator.ActiveCfg = Debug|iPhoneSimulator
		{45894622-596C-4E99-8FB0-EBDE519D7D45}.Debug|iPhoneSimulator.Build.0 = Debug|iPhoneSimulator
		{45894622-596C-4E99-8FB0-EBDE519D7D45}.Release|iPhone.ActiveCfg = Release|iPhone
		{45894622-596C-4E99-8FB0-EBDE519D7D45}.Release|iPhone.Build.0 = Release|iPhone
		{45894622-596C-4E99-8FB0-EBDE519D7D45}.Release|iPhoneSimulator.ActiveCfg = Release|iPhoneSimulator
		{45894622-596C-4E99-8FB0-EBDE519D7D45}.Release|iPhoneSimulator.Build.0 = Release|iPhoneSimulator
		{45894622-596C-4E99-8FB0-EBDE519D7D45}.Debug|iPhone.ActiveCfg = Debug|iPhone
		{45894622-596C-4E99-8FB0-EBDE519D7D45}.Debug|iPhone.Build.0 = Debug|iPhone
		{6B2DA6A1-AB94-4C0F-A5BD-024BCAC8BC87}.Debug|Any CPU.ActiveCfg = Debug|Any CPU
		{6B2DA6A1-AB94-4C0F-A5BD-024BCAC8BC87}.Debug|Any CPU.Build.0 = Debug|Any CPU
		{6B2DA6A1-AB94-4C0F-A5BD-024BCAC8BC87}.Release|Any CPU.ActiveCfg = Release|Any CPU
		{6B2DA6A1-AB94-4C0F-A5BD-024BCAC8BC87}.Release|Any CPU.Build.0 = Release|Any CPU
		{6B2DA6A1-AB94-4C0F-A5BD-024BCAC8BC87}.Debug|iPhoneSimulator.ActiveCfg = Debug|Any CPU
		{6B2DA6A1-AB94-4C0F-A5BD-024BCAC8BC87}.Debug|iPhoneSimulator.Build.0 = Debug|Any CPU
		{6B2DA6A1-AB94-4C0F-A5BD-024BCAC8BC87}.Release|iPhone.ActiveCfg = Release|Any CPU
		{6B2DA6A1-AB94-4C0F-A5BD-024BCAC8BC87}.Release|iPhone.Build.0 = Release|Any CPU
		{6B2DA6A1-AB94-4C0F-A5BD-024BCAC8BC87}.Release|iPhoneSimulator.ActiveCfg = Release|Any CPU
		{6B2DA6A1-AB94-4C0F-A5BD-024BCAC8BC87}.Release|iPhoneSimulator.Build.0 = Release|Any CPU
		{6B2DA6A1-AB94-4C0F-A5BD-024BCAC8BC87}.Debug|iPhone.ActiveCfg = Debug|Any CPU
		{6B2DA6A1-AB94-4C0F-A5BD-024BCAC8BC87}.Debug|iPhone.Build.0 = Debug|Any CPU
	EndGlobalSection
EndGlobal
